
Microsoft Visual Studio Solution File, Format Version 12.00
# Visual Studio Version 16
VisualStudioVersion = 16.0.31515.178
MinimumVisualStudioVersion = 10.0.40219.1
Project("{9A19103F-16F7-4668-BE54-9A1E7A4F7556}") = "01-ByteBank", "01-ByteBank\01-ByteBank.csproj", "{6271D8ED-73B7-4B48-9579-6158B414D4B0}"
EndProject
Project("{9A19103F-16F7-4668-BE54-9A1E7A4F7556}") = "02-ByteBank", "02-ByteBank\02-ByteBank.csproj", "{4EF58982-C970-423C-8882-01AE7DDE815F}"
EndProject
Project("{9A19103F-16F7-4668-BE54-9A1E7A4F7556}") = "03-ByteBank", "03-ByteBank\03-ByteBank.csproj", "{196D8E86-11EE-4784-8420-52A39B1CA0D4}"
EndProject
Project("{9A19103F-16F7-4668-BE54-9A1E7A4F7556}") = "04-ByteBank", "04-ByteBank\04-ByteBank.csproj", "{8DA0F4E8-F3BD-40A5-BEE3-E8953AED4F10}"
EndProject
Project("{9A19103F-16F7-4668-BE54-9A1E7A4F7556}") = "05-ByteBank", "05-ByteBank\05-ByteBank.csproj", "{31D1EC9E-D5DA-4476-A629-2C8D9458E84E}"
EndProject
Project("{9A19103F-16F7-4668-BE54-9A1E7A4F7556}") = "06-ByteBank", "06-ByteBank\06-ByteBank.csproj", "{FABBBA10-A375-4B73-A9F8-B6DA9265A6AE}"
EndProject
Project("{FAE04EC0-301F-11D3-BF4B-00C04F79EFBC}") = "07-ByteBank", "07-ByteBank\07-ByteBank.csproj", "{2FA4B385-45EF-4D75-AA16-216E9AE6C894}"
EndProject
Global
	GlobalSection(SolutionConfigurationPlatforms) = preSolution
		Debug|Any CPU = Debug|Any CPU
		Release|Any CPU = Release|Any CPU
	EndGlobalSection
	GlobalSection(ProjectConfigurationPlatforms) = postSolution
		{6271D8ED-73B7-4B48-9579-6158B414D4B0}.Debug|Any CPU.ActiveCfg = Debug|Any CPU
		{6271D8ED-73B7-4B48-9579-6158B414D4B0}.Debug|Any CPU.Build.0 = Debug|Any CPU
		{6271D8ED-73B7-4B48-9579-6158B414D4B0}.Release|Any CPU.ActiveCfg = Release|Any CPU
		{6271D8ED-73B7-4B48-9579-6158B414D4B0}.Release|Any CPU.Build.0 = Release|Any CPU
		{4EF58982-C970-423C-8882-01AE7DDE815F}.Debug|Any CPU.ActiveCfg = Debug|Any CPU
		{4EF58982-C970-423C-8882-01AE7DDE815F}.Debug|Any CPU.Build.0 = Debug|Any CPU
		{4EF58982-C970-423C-8882-01AE7DDE815F}.Release|Any CPU.ActiveCfg = Release|Any CPU
		{4EF58982-C970-423C-8882-01AE7DDE815F}.Release|Any CPU.Build.0 = Release|Any CPU
		{196D8E86-11EE-4784-8420-52A39B1CA0D4}.Debug|Any CPU.ActiveCfg = Debug|Any CPU
		{196D8E86-11EE-4784-8420-52A39B1CA0D4}.Debug|Any CPU.Build.0 = Debug|Any CPU
		{196D8E86-11EE-4784-8420-52A39B1CA0D4}.Release|Any CPU.ActiveCfg = Release|Any CPU
		{196D8E86-11EE-4784-8420-52A39B1CA0D4}.Release|Any CPU.Build.0 = Release|Any CPU
		{8DA0F4E8-F3BD-40A5-BEE3-E8953AED4F10}.Debug|Any CPU.ActiveCfg = Debug|Any CPU
		{8DA0F4E8-F3BD-40A5-BEE3-E8953AED4F10}.Debug|Any CPU.Build.0 = Debug|Any CPU
		{8DA0F4E8-F3BD-40A5-BEE3-E8953AED4F10}.Release|Any CPU.ActiveCfg = Release|Any CPU
		{8DA0F4E8-F3BD-40A5-BEE3-E8953AED4F10}.Release|Any CPU.Build.0 = Release|Any CPU
		{31D1EC9E-D5DA-4476-A629-2C8D9458E84E}.Debug|Any CPU.ActiveCfg = Debug|Any CPU
		{31D1EC9E-D5DA-4476-A629-2C8D9458E84E}.Debug|Any CPU.Build.0 = Debug|Any CPU
		{31D1EC9E-D5DA-4476-A629-2C8D9458E84E}.Release|Any CPU.ActiveCfg = Release|Any CPU
		{31D1EC9E-D5DA-4476-A629-2C8D9458E84E}.Release|Any CPU.Build.0 = Release|Any CPU
		{FABBBA10-A375-4B73-A9F8-B6DA9265A6AE}.Debug|Any CPU.ActiveCfg = Debug|Any CPU
		{FABBBA10-A375-4B73-A9F8-B6DA9265A6AE}.Debug|Any CPU.Build.0 = Debug|Any CPU
		{FABBBA10-A375-4B73-A9F8-B6DA9265A6AE}.Release|Any CPU.ActiveCfg = Release|Any CPU
		{FABBBA10-A375-4B73-A9F8-B6DA9265A6AE}.Release|Any CPU.Build.0 = Release|Any CPU
		{2FA4B385-45EF-4D75-AA16-216E9AE6C894}.Debug|Any CPU.ActiveCfg = Debug|Any CPU
		{2FA4B385-45EF-4D75-AA16-216E9AE6C894}.Debug|Any CPU.Build.0 = Debug|Any CPU
		{2FA4B385-45EF-4D75-AA16-216E9AE6C894}.Release|Any CPU.ActiveCfg = Release|Any CPU
		{2FA4B385-45EF-4D75-AA16-216E9AE6C894}.Release|Any CPU.Build.0 = Release|Any CPU
	EndGlobalSection
	GlobalSection(SolutionProperties) = preSolution
		HideSolutionNode = FALSE
	EndGlobalSection
	GlobalSection(ExtensibilityGlobals) = postSolution
		SolutionGuid = {16CBCFD4-5EDA-434B-9818-D33BF09EA14D}
	EndGlobalSection
EndGlobal
