
Microsoft Visual Studio Solution File, Format Version 12.00
# Visual Studio Version 16
VisualStudioVersion = 16.0.31515.178
MinimumVisualStudioVersion = 10.0.40219.1
Project("{9A19103F-16F7-4668-BE54-9A1E7A4F7556}") = "01-ByteBank", "01-ByteBank\01-ByteBank.csproj", "{6271D8ED-73B7-4B48-9579-6158B414D4B0}"
EndProject
Project("{FAE04EC0-301F-11D3-BF4B-00C04F79EFBC}") = "02-ByteBank", "02-ByteBank\02-ByteBank.csproj", "{4EF58982-C970-423C-8882-01AE7DDE815F}"
EndProject
Global
	GlobalSection(SolutionConfigurationPlatforms) = preSolution
		Debug|Any CPU = Debug|Any CPU
		Release|Any CPU = Release|Any CPU
	EndGlobalSection
	GlobalSection(ProjectConfigurationPlatforms) = postSolution
		{6271D8ED-73B7-4B48-9579-6158B414D4B0}.Debug|Any CPU.ActiveCfg = Debug|Any CPU
		{6271D8ED-73B7-4B48-9579-6158B414D4B0}.Debug|Any CPU.Build.0 = Debug|Any CPU
		{6271D8ED-73B7-4B48-9579-6158B414D4B0}.Release|Any CPU.ActiveCfg = Release|Any CPU
		{6271D8ED-73B7-4B48-9579-6158B414D4B0}.Release|Any CPU.Build.0 = Release|Any CPU
		{4EF58982-C970-423C-8882-01AE7DDE815F}.Debug|Any CPU.ActiveCfg = Debug|Any CPU
		{4EF58982-C970-423C-8882-01AE7DDE815F}.Debug|Any CPU.Build.0 = Debug|Any CPU
		{4EF58982-C970-423C-8882-01AE7DDE815F}.Release|Any CPU.ActiveCfg = Release|Any CPU
		{4EF58982-C970-423C-8882-01AE7DDE815F}.Release|Any CPU.Build.0 = Release|Any CPU
	EndGlobalSection
	GlobalSection(SolutionProperties) = preSolution
		HideSolutionNode = FALSE
	EndGlobalSection
	GlobalSection(ExtensibilityGlobals) = postSolution
		SolutionGuid = {16CBCFD4-5EDA-434B-9818-D33BF09EA14D}
	EndGlobalSection
EndGlobal
