
Microsoft Visual Studio Solution File, Format Version 12.00
# Visual Studio Version 16
VisualStudioVersion = 16.0.31515.178
MinimumVisualStudioVersion = 10.0.40219.1
Project("{9A19103F-16F7-4668-BE54-9A1E7A4F7556}") = "1-PrimeiroProjeto", "1-PrimeiroProjeto\1-PrimeiroProjeto.csproj", "{3A38C9D8-505C-4F3A-B78A-4FF3FB1695C0}"
EndProject
Project("{9A19103F-16F7-4668-BE54-9A1E7A4F7556}") = "2-CriandoVariaveis", "2-CriandoVariaveis\2-CriandoVariaveis.csproj", "{FB90DB12-DB0B-4208-AAD6-DEFE234B8290}"
EndProject
Project("{9A19103F-16F7-4668-BE54-9A1E7A4F7556}") = "3-CriandoVariaveisPontoFlutuante", "3-CriandoVariaveisPontoFlutuante\3-CriandoVariaveisPontoFlutuante.csproj", "{1541687A-E96B-4757-96AE-447ACE160E89}"
EndProject
Project("{9A19103F-16F7-4668-BE54-9A1E7A4F7556}") = "4-ConversoesEOutrosTiposNumericos", "4-ConversoesEOutrosTiposNumericos\4-ConversoesEOutrosTiposNumericos.csproj", "{5DA8B465-0B5D-4C14-AC38-A42920BBACFC}"
EndProject
Project("{9A19103F-16F7-4668-BE54-9A1E7A4F7556}") = "5-CaracteresETextos", "5-CaracteresETextos\5-CaracteresETextos.csproj", "{1701755D-E5D1-40A6-9392-6B992C567AB7}"
EndProject
Project("{9A19103F-16F7-4668-BE54-9A1E7A4F7556}") = "6-AtribuicoesDeVariaveis", "6-AtribuicoesDeVariaveis\6-AtribuicoesDeVariaveis.csproj", "{6F64437F-B9B7-4D81-9092-887962B640BF}"
EndProject
Project("{9A19103F-16F7-4668-BE54-9A1E7A4F7556}") = "7-Condicionais", "7-Condicionais\7-Condicionais.csproj", "{655C39D0-A814-4C0E-BD24-B14BEA07C0ED}"
EndProject
Project("{FAE04EC0-301F-11D3-BF4B-00C04F79EFBC}") = "8-Condicionais2", "8-Condicionais2\8-Condicionais2.csproj", "{6E98CA0F-4D33-47D4-9E1E-2586BA321036}"
EndProject
Project("{FAE04EC0-301F-11D3-BF4B-00C04F79EFBC}") = "9-Escopo", "9-Escopo\9-Escopo.csproj", "{85F3B115-DB7A-45C9-9388-9B0D3D0B750A}"
EndProject
Global
	GlobalSection(SolutionConfigurationPlatforms) = preSolution
		Debug|Any CPU = Debug|Any CPU
		Release|Any CPU = Release|Any CPU
	EndGlobalSection
	GlobalSection(ProjectConfigurationPlatforms) = postSolution
		{3A38C9D8-505C-4F3A-B78A-4FF3FB1695C0}.Debug|Any CPU.ActiveCfg = Debug|Any CPU
		{3A38C9D8-505C-4F3A-B78A-4FF3FB1695C0}.Debug|Any CPU.Build.0 = Debug|Any CPU
		{3A38C9D8-505C-4F3A-B78A-4FF3FB1695C0}.Release|Any CPU.ActiveCfg = Release|Any CPU
		{3A38C9D8-505C-4F3A-B78A-4FF3FB1695C0}.Release|Any CPU.Build.0 = Release|Any CPU
		{FB90DB12-DB0B-4208-AAD6-DEFE234B8290}.Debug|Any CPU.ActiveCfg = Debug|Any CPU
		{FB90DB12-DB0B-4208-AAD6-DEFE234B8290}.Debug|Any CPU.Build.0 = Debug|Any CPU
		{FB90DB12-DB0B-4208-AAD6-DEFE234B8290}.Release|Any CPU.ActiveCfg = Release|Any CPU
		{FB90DB12-DB0B-4208-AAD6-DEFE234B8290}.Release|Any CPU.Build.0 = Release|Any CPU
		{1541687A-E96B-4757-96AE-447ACE160E89}.Debug|Any CPU.ActiveCfg = Debug|Any CPU
		{1541687A-E96B-4757-96AE-447ACE160E89}.Debug|Any CPU.Build.0 = Debug|Any CPU
		{1541687A-E96B-4757-96AE-447ACE160E89}.Release|Any CPU.ActiveCfg = Release|Any CPU
		{1541687A-E96B-4757-96AE-447ACE160E89}.Release|Any CPU.Build.0 = Release|Any CPU
		{5DA8B465-0B5D-4C14-AC38-A42920BBACFC}.Debug|Any CPU.ActiveCfg = Debug|Any CPU
		{5DA8B465-0B5D-4C14-AC38-A42920BBACFC}.Debug|Any CPU.Build.0 = Debug|Any CPU
		{5DA8B465-0B5D-4C14-AC38-A42920BBACFC}.Release|Any CPU.ActiveCfg = Release|Any CPU
		{5DA8B465-0B5D-4C14-AC38-A42920BBACFC}.Release|Any CPU.Build.0 = Release|Any CPU
		{1701755D-E5D1-40A6-9392-6B992C567AB7}.Debug|Any CPU.ActiveCfg = Debug|Any CPU
		{1701755D-E5D1-40A6-9392-6B992C567AB7}.Debug|Any CPU.Build.0 = Debug|Any CPU
		{1701755D-E5D1-40A6-9392-6B992C567AB7}.Release|Any CPU.ActiveCfg = Release|Any CPU
		{1701755D-E5D1-40A6-9392-6B992C567AB7}.Release|Any CPU.Build.0 = Release|Any CPU
		{6F64437F-B9B7-4D81-9092-887962B640BF}.Debug|Any CPU.ActiveCfg = Debug|Any CPU
		{6F64437F-B9B7-4D81-9092-887962B640BF}.Debug|Any CPU.Build.0 = Debug|Any CPU
		{6F64437F-B9B7-4D81-9092-887962B640BF}.Release|Any CPU.ActiveCfg = Release|Any CPU
		{6F64437F-B9B7-4D81-9092-887962B640BF}.Release|Any CPU.Build.0 = Release|Any CPU
		{655C39D0-A814-4C0E-BD24-B14BEA07C0ED}.Debug|Any CPU.ActiveCfg = Debug|Any CPU
		{655C39D0-A814-4C0E-BD24-B14BEA07C0ED}.Debug|Any CPU.Build.0 = Debug|Any CPU
		{655C39D0-A814-4C0E-BD24-B14BEA07C0ED}.Release|Any CPU.ActiveCfg = Release|Any CPU
		{655C39D0-A814-4C0E-BD24-B14BEA07C0ED}.Release|Any CPU.Build.0 = Release|Any CPU
		{6E98CA0F-4D33-47D4-9E1E-2586BA321036}.Debug|Any CPU.ActiveCfg = Debug|Any CPU
		{6E98CA0F-4D33-47D4-9E1E-2586BA321036}.Debug|Any CPU.Build.0 = Debug|Any CPU
		{6E98CA0F-4D33-47D4-9E1E-2586BA321036}.Release|Any CPU.ActiveCfg = Release|Any CPU
		{6E98CA0F-4D33-47D4-9E1E-2586BA321036}.Release|Any CPU.Build.0 = Release|Any CPU
		{85F3B115-DB7A-45C9-9388-9B0D3D0B750A}.Debug|Any CPU.ActiveCfg = Debug|Any CPU
		{85F3B115-DB7A-45C9-9388-9B0D3D0B750A}.Debug|Any CPU.Build.0 = Debug|Any CPU
		{85F3B115-DB7A-45C9-9388-9B0D3D0B750A}.Release|Any CPU.ActiveCfg = Release|Any CPU
		{85F3B115-DB7A-45C9-9388-9B0D3D0B750A}.Release|Any CPU.Build.0 = Release|Any CPU
	EndGlobalSection
	GlobalSection(SolutionProperties) = preSolution
		HideSolutionNode = FALSE
	EndGlobalSection
	GlobalSection(ExtensibilityGlobals) = postSolution
		SolutionGuid = {8DD0D00A-2DA1-40DB-8A32-D3A56A29BAA6}
	EndGlobalSection
EndGlobal
